
Microsoft Visual Studio Solution File, Format Version 12.00
# Visual Studio 14
VisualStudioVersion = 14.0.25420.1
MinimumVisualStudioVersion = 10.0.40219.1
Project("{FAE04EC0-301F-11D3-BF4B-00C04F79EFBC}") = "Diagnostic", "Diagnostic\Diagnostic.csproj", "{B36B08A4-BA8B-4065-BC9A-552783655988}"
EndProject
Project("{FAE04EC0-301F-11D3-BF4B-00C04F79EFBC}") = "Diagnostic.DAL", "Diagnostic.DAL\Diagnostic.DAL.csproj", "{C0381162-24B5-4A73-AFBC-6DCC02EC861A}"
EndProject
Project("{FAE04EC0-301F-11D3-BF4B-00C04F79EFBC}") = "Diagnostic.BAL", "Diagnostic.BAL\Diagnostic.BAL.csproj", "{747BC87F-CA31-4BB5-8EB7-A0750B53C4F3}"
EndProject
Global
	GlobalSection(SolutionConfigurationPlatforms) = preSolution
		Debug|Any CPU = Debug|Any CPU
		Release|Any CPU = Release|Any CPU
	EndGlobalSection
	GlobalSection(ProjectConfigurationPlatforms) = postSolution
		{B36B08A4-BA8B-4065-BC9A-552783655988}.Debug|Any CPU.ActiveCfg = Debug|Any CPU
		{B36B08A4-BA8B-4065-BC9A-552783655988}.Debug|Any CPU.Build.0 = Debug|Any CPU
		{B36B08A4-BA8B-4065-BC9A-552783655988}.Release|Any CPU.ActiveCfg = Release|Any CPU
		{B36B08A4-BA8B-4065-BC9A-552783655988}.Release|Any CPU.Build.0 = Release|Any CPU
		{C0381162-24B5-4A73-AFBC-6DCC02EC861A}.Debug|Any CPU.ActiveCfg = Debug|Any CPU
		{C0381162-24B5-4A73-AFBC-6DCC02EC861A}.Debug|Any CPU.Build.0 = Debug|Any CPU
		{C0381162-24B5-4A73-AFBC-6DCC02EC861A}.Release|Any CPU.ActiveCfg = Release|Any CPU
		{C0381162-24B5-4A73-AFBC-6DCC02EC861A}.Release|Any CPU.Build.0 = Release|Any CPU
		{747BC87F-CA31-4BB5-8EB7-A0750B53C4F3}.Debug|Any CPU.ActiveCfg = Debug|Any CPU
		{747BC87F-CA31-4BB5-8EB7-A0750B53C4F3}.Debug|Any CPU.Build.0 = Debug|Any CPU
		{747BC87F-CA31-4BB5-8EB7-A0750B53C4F3}.Release|Any CPU.ActiveCfg = Release|Any CPU
		{747BC87F-CA31-4BB5-8EB7-A0750B53C4F3}.Release|Any CPU.Build.0 = Release|Any CPU
	EndGlobalSection
	GlobalSection(SolutionProperties) = preSolution
		HideSolutionNode = FALSE
	EndGlobalSection
	GlobalSection(TeamFoundationVersionControl) = preSolution
		SccNumberOfProjects = 4
		SccEnterpriseProvider = {4CA58AB2-18FA-4F8D-95D4-32DDF27D184C}
		SccTeamFoundationServer = https://natalya1995.visualstudio.com/
		SccLocalPath0 = .
		SccProjectUniqueName1 = Diagnostic.DAL\\Diagnostic.DAL.csproj
		SccProjectName1 = Diagnostic.DAL
		SccLocalPath1 = Diagnostic.DAL
		SccProjectUniqueName2 = Diagnostic\\Diagnostic.csproj
		SccProjectName2 = Diagnostic
		SccLocalPath2 = Diagnostic
		SccProjectUniqueName3 = Diagnostic.BAL\\Diagnostic.BAL.csproj
		SccProjectName3 = Diagnostic.BAL
		SccLocalPath3 = Diagnostic.BAL
	EndGlobalSection
EndGlobal
